{
  "originHash" : "c79f16a3b36b8372716c0ad54f3c081f8a9434cd031cc6f9d857eec23968f405",
  "pins" : [
    {
      "identity" : "capacitor-swift-pm",
      "kind" : "remoteSourceControl",
      "location" : "https://github.com/ionic-team/capacitor-swift-pm.git",
      "state" : {
        "revision" : "f1a8fadf1437c23b825c818fb6509c9dbbae2f61",
        "version" : "8.3.1"
      }
    },
    {
      "identity" : "purchases-hybrid-common",
      "kind" : "remoteSourceControl",
      "location" : "https://github.com/RevenueCat/purchases-hybrid-common.git",
      "state" : {
        "revision" : "5001785fce0bfdfbcc260c8422f60f0a26a81f47",
        "version" : "18.29.0"
      }
    },
    {
      "identity" : "purchases-ios-spm",
      "kind" : "remoteSourceControl",
      "location" : "https://github.com/RevenueCat/purchases-ios-spm",
      "state" : {
        "revision" : "c69a23f56c63bdfe96096fa64a1c65334d2592db",
        "version" : "5.83.0"
      }
    }
  ],
  "version" : 3
}
